
Microsoft Visual Studio Solution File, Format Version 12.00
# Visual Studio 15
VisualStudioVersion = 15.0.26730.8
MinimumVisualStudioVersion = 10.0.40219.1
Project("{FAE04EC0-301F-11D3-BF4B-00C04F79EFBC}") = "WPL.Accounts", "WPL.Accounts\WPL.Accounts.csproj", "{507251F0-C2A4-468D-B535-9C2ED2D45671}"
EndProject
Global
	GlobalSection(SolutionConfigurationPlatforms) = preSolution
		Debug|Any CPU = Debug|Any CPU
		Release|Any CPU = Release|Any CPU
	EndGlobalSection
	GlobalSection(ProjectConfigurationPlatforms) = postSolution
		{507251F0-C2A4-468D-B535-9C2ED2D45671}.Debug|Any CPU.ActiveCfg = Debug|Any CPU
		{507251F0-C2A4-468D-B535-9C2ED2D45671}.Debug|Any CPU.Build.0 = Debug|Any CPU
		{507251F0-C2A4-468D-B535-9C2ED2D45671}.Release|Any CPU.ActiveCfg = Release|Any CPU
		{507251F0-C2A4-468D-B535-9C2ED2D45671}.Release|Any CPU.Build.0 = Release|Any CPU
	EndGlobalSection
	GlobalSection(SolutionProperties) = preSolution
		HideSolutionNode = FALSE
	EndGlobalSection
	GlobalSection(ExtensibilityGlobals) = postSolution
		SolutionGuid = {795B9EAD-E588-44B2-866C-016CF5CCD591}
	EndGlobalSection
EndGlobal
